
Microsoft Visual Studio Solution File, Format Version 12.00
# Visual Studio Version 17
VisualStudioVersion = 17.5.33627.172
MinimumVisualStudioVersion = 10.0.40219.1
Project("{FAE04EC0-301F-11D3-BF4B-00C04F79EFBC}") = "StructuralDesignPatternDemo", "StructuralDesignPatternDemo\StructuralDesignPatternDemo.csproj", "{307C6168-1433-4DDF-9ABA-2061108B8793}"
EndProject
Global
	GlobalSection(SolutionConfigurationPlatforms) = preSolution
		Debug|Any CPU = Debug|Any CPU
		Release|Any CPU = Release|Any CPU
	EndGlobalSection
	GlobalSection(ProjectConfigurationPlatforms) = postSolution
		{307C6168-1433-4DDF-9ABA-2061108B8793}.Debug|Any CPU.ActiveCfg = Debug|Any CPU
		{307C6168-1433-4DDF-9ABA-2061108B8793}.Debug|Any CPU.Build.0 = Debug|Any CPU
		{307C6168-1433-4DDF-9ABA-2061108B8793}.Release|Any CPU.ActiveCfg = Release|Any CPU
		{307C6168-1433-4DDF-9ABA-2061108B8793}.Release|Any CPU.Build.0 = Release|Any CPU
	EndGlobalSection
	GlobalSection(SolutionProperties) = preSolution
		HideSolutionNode = FALSE
	EndGlobalSection
	GlobalSection(ExtensibilityGlobals) = postSolution
		SolutionGuid = {F79EFA9C-B314-4C82-9C76-12CB4C898601}
	EndGlobalSection
EndGlobal
